
Microsoft Visual Studio Solution File, Format Version 12.00
# Visual Studio Version 17
VisualStudioVersion = 17.0.32126.317
MinimumVisualStudioVersion = 10.0.40219.1
Project("{FAE04EC0-301F-11D3-BF4B-00C04F79EFBC}") = "BitcoinCalculator1", "BitcoinCalculator1\BitcoinCalculator1.csproj", "{7CDE314E-E9BF-48E8-A3F6-A36429483A21}"
EndProject
Global
	GlobalSection(SolutionConfigurationPlatforms) = preSolution
		Debug|Any CPU = Debug|Any CPU
		Release|Any CPU = Release|Any CPU
	EndGlobalSection
	GlobalSection(ProjectConfigurationPlatforms) = postSolution
		{7CDE314E-E9BF-48E8-A3F6-A36429483A21}.Debug|Any CPU.ActiveCfg = Debug|Any CPU
		{7CDE314E-E9BF-48E8-A3F6-A36429483A21}.Debug|Any CPU.Build.0 = Debug|Any CPU
		{7CDE314E-E9BF-48E8-A3F6-A36429483A21}.Release|Any CPU.ActiveCfg = Release|Any CPU
		{7CDE314E-E9BF-48E8-A3F6-A36429483A21}.Release|Any CPU.Build.0 = Release|Any CPU
	EndGlobalSection
	GlobalSection(SolutionProperties) = preSolution
		HideSolutionNode = FALSE
	EndGlobalSection
	GlobalSection(ExtensibilityGlobals) = postSolution
		SolutionGuid = {C838441C-345A-4829-AA4C-5786E30E12A9}
	EndGlobalSection
EndGlobal
